
Microsoft Visual Studio Solution File, Format Version 12.00
# Visual Studio Version 17
VisualStudioVersion = 17.5.002.0
MinimumVisualStudioVersion = 10.0.40219.1
Project("{9A19103F-16F7-4668-BE54-9A1E7A4F7556}") = "DapperWebApi", "DapperWebApi.csproj", "{EEF70BC9-EE24-43F3-9ED7-A543C339E30B}"
EndProject
Global
	GlobalSection(SolutionConfigurationPlatforms) = preSolution
		Debug|Any CPU = Debug|Any CPU
		Release|Any CPU = Release|Any CPU
	EndGlobalSection
	GlobalSection(ProjectConfigurationPlatforms) = postSolution
		{EEF70BC9-EE24-43F3-9ED7-A543C339E30B}.Debug|Any CPU.ActiveCfg = Debug|Any CPU
		{EEF70BC9-EE24-43F3-9ED7-A543C339E30B}.Debug|Any CPU.Build.0 = Debug|Any CPU
		{EEF70BC9-EE24-43F3-9ED7-A543C339E30B}.Release|Any CPU.ActiveCfg = Release|Any CPU
		{EEF70BC9-EE24-43F3-9ED7-A543C339E30B}.Release|Any CPU.Build.0 = Release|Any CPU
	EndGlobalSection
	GlobalSection(SolutionProperties) = preSolution
		HideSolutionNode = FALSE
	EndGlobalSection
	GlobalSection(ExtensibilityGlobals) = postSolution
		SolutionGuid = {9481CB19-6D14-4CAE-8523-9F05349DAFB5}
	EndGlobalSection
EndGlobal
